
Microsoft Visual Studio Solution File, Format Version 10.00
# Visual Studio 2008
Project("{8BC9CEB8-8B4A-11D0-8D11-00A0C91BC942}") = "ModbusStrCmd", "ModbusStrCmd.vcproj", "{3A2F130D-CD94-332E-B21B-9D482F4027FC}"
EndProject
Global
	GlobalSection(SolutionConfigurationPlatforms) = preSolution
		Debug|Win32 = Debug|Win32
		Release|Win32 = Release|Win32
	EndGlobalSection
	GlobalSection(ProjectConfigurationPlatforms) = postSolution
		{3A2F130D-CD94-332E-B21B-9D482F4027FC}.Debug|Win32.ActiveCfg = Debug|Win32
		{3A2F130D-CD94-332E-B21B-9D482F4027FC}.Debug|Win32.Build.0 = Debug|Win32
		{3A2F130D-CD94-332E-B21B-9D482F4027FC}.Release|Win32.ActiveCfg = Release|Win32
		{3A2F130D-CD94-332E-B21B-9D482F4027FC}.Release|Win32.Build.0 = Release|Win32
	EndGlobalSection
	GlobalSection(SolutionProperties) = preSolution
		HideSolutionNode = FALSE
	EndGlobalSection
EndGlobal
